// !$*UTF8*$!
{
	archiveVersion = 1;
	classes = {
	};
	objectVersion = 55;
	objects = {

/* Begin PBXBuildFile section */
		1588F6FB27080CE5006C2530 /* TraveDetailsViewController.swift in Sources */ = {isa = PBXBuildFile; fileRef = 1588F6FA27080CE5006C2530 /* TraveDetailsViewController.swift */; };
		15A2236A2707AA8B0036FC9A /* AppDelegate.swift in Sources */ = {isa = PBXBuildFile; fileRef = 15A223692707AA8B0036FC9A /* AppDelegate.swift */; };
		15A2236C2707AA8B0036FC9A /* SceneDelegate.swift in Sources */ = {isa = PBXBuildFile; fileRef = 15A2236B2707AA8B0036FC9A /* SceneDelegate.swift */; };
		15A2236E2707AA8B0036FC9A /* ViewController.swift in Sources */ = {isa = PBXBuildFile; fileRef = 15A2236D2707AA8B0036FC9A /* ViewController.swift */; };
		15A223712707AA8B0036FC9A /* Main.storyboard in Resources */ = {isa = PBXBuildFile; fileRef = 15A2236F2707AA8B0036FC9A /* Main.storyboard */; };
		15A223732707AA8C0036FC9A /* Assets.xcassets in Resources */ = {isa = PBXBuildFile; fileRef = 15A223722707AA8C0036FC9A /* Assets.xcassets */; };
		15A223762707AA8C0036FC9A /* LaunchScreen.storyboard in Resources */ = {isa = PBXBuildFile; fileRef = 15A223742707AA8C0036FC9A /* LaunchScreen.storyboard */; };
		15E8D17427093D4A001B31AC /* CodeWithChrisLoginPage.xcassets in Resources */ = {isa = PBXBuildFile; fileRef = 15E8D17327093D4A001B31AC /* CodeWithChrisLoginPage.xcassets */; };
		15E8D17627093DFD001B31AC /* LoginPageViewController.swift in Sources */ = {isa = PBXBuildFile; fileRef = 15E8D17527093DFD001B31AC /* LoginPageViewController.swift */; };
		15FAC938270A756500856B11 /* MediaForWarCardGame.xcassets in Resources */ = {isa = PBXBuildFile; fileRef = 15FAC937270A756500856B11 /* MediaForWarCardGame.xcassets */; };
		15FAC93A270A76A600856B11 /* WarCardGameViewController.swift in Sources */ = {isa = PBXBuildFile; fileRef = 15FAC939270A76A600856B11 /* WarCardGameViewController.swift */; };
/* End PBXBuildFile section */

/* Begin PBXFileReference section */
		1588F6FA27080CE5006C2530 /* TraveDetailsViewController.swift */ = {isa = PBXFileReference; lastKnownFileType = sourcecode.swift; path = TraveDetailsViewController.swift; sourceTree = "<group>"; };
		15A223662707AA8B0036FC9A /* SandBoxiOSCareerProject.app */ = {isa = PBXFileReference; explicitFileType = wrapper.application; includeInIndex = 0; path = SandBoxiOSCareerProject.app; sourceTree = BUILT_PRODUCTS_DIR; };
		15A223692707AA8B0036FC9A /* AppDelegate.swift */ = {isa = PBXFileReference; lastKnownFileType = sourcecode.swift; path = AppDelegate.swift; sourceTree = "<group>"; };
		15A2236B2707AA8B0036FC9A /* SceneDelegate.swift */ = {isa = PBXFileReference; lastKnownFileType = sourcecode.swift; path = SceneDelegate.swift; sourceTree = "<group>"; };
		15A2236D2707AA8B0036FC9A /* ViewController.swift */ = {isa = PBXFileReference; lastKnownFileType = sourcecode.swift; path = ViewController.swift; sourceTree = "<group>"; };
		15A223702707AA8B0036FC9A /* Base */ = {isa = PBXFileReference; lastKnownFileType = file.storyboard; name = Base; path = Base.lproj/Main.storyboard; sourceTree = "<group>"; };
		15A223722707AA8C0036FC9A /* Assets.xcassets */ = {isa = PBXFileReference; lastKnownFileType = folder.assetcatalog; path = Assets.xcassets; sourceTree = "<group>"; };
		15A223752707AA8C0036FC9A /* Base */ = {isa = PBXFileReference; lastKnownFileType = file.storyboard; name = Base; path = Base.lproj/LaunchScreen.storyboard; sourceTree = "<group>"; };
		15A223772707AA8C0036FC9A /* Info.plist */ = {isa = PBXFileReference; lastKnownFileType = text.plist.xml; path = Info.plist; sourceTree = "<group>"; };
		15E8D17327093D4A001B31AC /* CodeWithChrisLoginPage.xcassets */ = {isa = PBXFileReference; lastKnownFileType = folder.assetcatalog; path = CodeWithChrisLoginPage.xcassets; sourceTree = "<group>"; };
		15E8D17527093DFD001B31AC /* LoginPageViewController.swift */ = {isa = PBXFileReference; lastKnownFileType = sourcecode.swift; path = LoginPageViewController.swift; sourceTree = "<group>"; };
		15FAC937270A756500856B11 /* MediaForWarCardGame.xcassets */ = {isa = PBXFileReference; lastKnownFileType = folder.assetcatalog; path = MediaForWarCardGame.xcassets; sourceTree = "<group>"; };
		15FAC939270A76A600856B11 /* WarCardGameViewController.swift */ = {isa = PBXFileReference; lastKnownFileType = sourcecode.swift; path = WarCardGameViewController.swift; sourceTree = "<group>"; };
/* End PBXFileReference section */

/* Begin PBXFrameworksBuildPhase section */
		15A223632707AA8B0036FC9A /* Frameworks */ = {
			isa = PBXFrameworksBuildPhase;
			buildActionMask = 2147483647;
			files = (
			);
			runOnlyForDeploymentPostprocessing = 0;
		};
/* End PBXFrameworksBuildPhase section */

/* Begin PBXGroup section */
		15A2235D2707AA8B0036FC9A = {
			isa = PBXGroup;
			children = (
				15A223682707AA8B0036FC9A /* SandBoxiOSCareerProject */,
				15A223672707AA8B0036FC9A /* Products */,
			);
			sourceTree = "<group>";
		};
		15A223672707AA8B0036FC9A /* Products */ = {
			isa = PBXGroup;
			children = (
				15A223662707AA8B0036FC9A /* SandBoxiOSCareerProject.app */,
			);
			name = Products;
			sourceTree = "<group>";
		};
		15A223682707AA8B0036FC9A /* SandBoxiOSCareerProject */ = {
			isa = PBXGroup;
			children = (
				15A223692707AA8B0036FC9A /* AppDelegate.swift */,
				1588F6FA27080CE5006C2530 /* TraveDetailsViewController.swift */,
				15A2236B2707AA8B0036FC9A /* SceneDelegate.swift */,
				15A2236D2707AA8B0036FC9A /* ViewController.swift */,
				15A2236F2707AA8B0036FC9A /* Main.storyboard */,
				15FAC939270A76A600856B11 /* WarCardGameViewController.swift */,
				15E8D17527093DFD001B31AC /* LoginPageViewController.swift */,
				15A223722707AA8C0036FC9A /* Assets.xcassets */,
				15A223742707AA8C0036FC9A /* LaunchScreen.storyboard */,
				15A223772707AA8C0036FC9A /* Info.plist */,
				15E8D17327093D4A001B31AC /* CodeWithChrisLoginPage.xcassets */,
				15FAC937270A756500856B11 /* MediaForWarCardGame.xcassets */,
			);
			path = SandBoxiOSCareerProject;
			sourceTree = "<group>";
		};
/* End PBXGroup section */

/* Begin PBXNativeTarget section */
		15A223652707AA8B0036FC9A /* SandBoxiOSCareerProject */ = {
			isa = PBXNativeTarget;
			buildConfigurationList = 15A2237A2707AA8C0036FC9A /* Build configuration list for PBXNativeTarget "SandBoxiOSCareerProject" */;
			buildPhases = (
				15A223622707AA8B0036FC9A /* Sources */,
				15A223632707AA8B0036FC9A /* Frameworks */,
				15A223642707AA8B0036FC9A /* Resources */,
			);
			buildRules = (
			);
			dependencies = (
			);
			name = SandBoxiOSCareerProject;
			productName = SandBoxiOSCareerProject;
			productReference = 15A223662707AA8B0036FC9A /* SandBoxiOSCareerProject.app */;
			productType = "com.apple.product-type.application";
		};
/* End PBXNativeTarget section */

/* Begin PBXProject section */
		15A2235E2707AA8B0036FC9A /* Project object */ = {
			isa = PBXProject;
			attributes = {
				BuildIndependentTargetsInParallel = 1;
				LastSwiftUpdateCheck = 1300;
				LastUpgradeCheck = 1300;
				TargetAttributes = {
					15A223652707AA8B0036FC9A = {
						CreatedOnToolsVersion = 13.0;
					};
				};
			};
			buildConfigurationList = 15A223612707AA8B0036FC9A /* Build configuration list for PBXProject "SandBoxiOSCareerProject" */;
			compatibilityVersion = "Xcode 13.0";
			developmentRegion = en;
			hasScannedForEncodings = 0;
			knownRegions = (
				en,
				Base,
			);
			mainGroup = 15A2235D2707AA8B0036FC9A;
			productRefGroup = 15A223672707AA8B0036FC9A /* Products */;
			projectDirPath = "";
			projectRoot = "";
			targets = (
				15A223652707AA8B0036FC9A /* SandBoxiOSCareerProject */,
			);
		};
/* End PBXProject section */

/* Begin PBXResourcesBuildPhase section */
		15A223642707AA8B0036FC9A /* Resources */ = {
			isa = PBXResourcesBuildPhase;
			buildActionMask = 2147483647;
			files = (
				15A223762707AA8C0036FC9A /* LaunchScreen.storyboard in Resources */,
				15E8D17427093D4A001B31AC /* CodeWithChrisLoginPage.xcassets in Resources */,
				15A223732707AA8C0036FC9A /* Assets.xcassets in Resources */,
				15A223712707AA8B0036FC9A /* Main.storyboard in Resources */,
				15FAC938270A756500856B11 /* MediaForWarCardGame.xcassets in Resources */,
			);
			runOnlyForDeploymentPostprocessing = 0;
		};
/* End PBXResourcesBuildPhase section */

/* Begin PBXSourcesBuildPhase section */
		15A223622707AA8B0036FC9A /* Sources */ = {
			isa = PBXSourcesBuildPhase;
			buildActionMask = 2147483647;
			files = (
				1588F6FB27080CE5006C2530 /* TraveDetailsViewController.swift in Sources */,
				15A2236E2707AA8B0036FC9A /* ViewController.swift in Sources */,
				15A2236A2707AA8B0036FC9A /* AppDelegate.swift in Sources */,
				15E8D17627093DFD001B31AC /* LoginPageViewController.swift in Sources */,
				15A2236C2707AA8B0036FC9A /* SceneDelegate.swift in Sources */,
				15FAC93A270A76A600856B11 /* WarCardGameViewController.swift in Sources */,
			);
			runOnlyForDeploymentPostprocessing = 0;
		};
/* End PBXSourcesBuildPhase section */

/* Begin PBXVariantGroup section */
		15A2236F2707AA8B0036FC9A /* Main.storyboard */ = {
			isa = PBXVariantGroup;
			children = (
				15A223702707AA8B0036FC9A /* Base */,
			);
			name = Main.storyboard;
			sourceTree = "<group>";
		};
		15A223742707AA8C0036FC9A /* LaunchScreen.storyboard */ = {
			isa = PBXVariantGroup;
			children = (
				15A223752707AA8C0036FC9A /* Base */,
			);
			name = LaunchScreen.storyboard;
			sourceTree = "<group>";
		};
/* End PBXVariantGroup section */

/* Begin XCBuildConfiguration section */
		15A223782707AA8C0036FC9A /* Debug */ = {
			isa = XCBuildConfiguration;
			buildSettings = {
				ALWAYS_SEARCH_USER_PATHS = NO;
				CLANG_ANALYZER_NONNULL = YES;
				CLANG_ANALYZER_NUMBER_OBJECT_CONVERSION = YES_AGGRESSIVE;
				CLANG_CXX_LANGUAGE_STANDARD = "gnu++17";
				CLANG_CXX_LIBRARY = "libc++";
				CLANG_ENABLE_MODULES = YES;
				CLANG_ENABLE_OBJC_ARC = YES;
				CLANG_ENABLE_OBJC_WEAK = YES;
				CLANG_WARN_BLOCK_CAPTURE_AUTORELEASING = YES;
				CLANG_WARN_BOOL_CONVERSION = YES;
				CLANG_WARN_COMMA = YES;
				CLANG_WARN_CONSTANT_CONVERSION = YES;
				CLANG_WARN_DEPRECATED_OBJC_IMPLEMENTATIONS = YES;
				CLANG_WARN_DIRECT_OBJC_ISA_USAGE = YES_ERROR;
				CLANG_WARN_DOCUMENTATION_COMMENTS = YES;
				CLANG_WARN_EMPTY_BODY = YES;
				CLANG_WARN_ENUM_CONVERSION = YES;
				CLANG_WARN_INFINITE_RECURSION = YES;
				CLANG_WARN_INT_CONVERSION = YES;
				CLANG_WARN_NON_LITERAL_NULL_CONVERSION = YES;
				CLANG_WARN_OBJC_IMPLICIT_RETAIN_SELF = YES;
				CLANG_WARN_OBJC_LITERAL_CONVERSION = YES;
				CLANG_WARN_OBJC_ROOT_CLASS = YES_ERROR;
				CLANG_WARN_QUOTED_INCLUDE_IN_FRAMEWORK_HEADER = YES;
				CLANG_WARN_RANGE_LOOP_ANALYSIS = YES;
				CLANG_WARN_STRICT_PROTOTYPES = YES;
				CLANG_WARN_SUSPICIOUS_MOVE = YES;
				CLANG_WARN_UNGUARDED_AVAILABILITY = YES_AGGRESSIVE;
				CLANG_WARN_UNREACHABLE_CODE = YES;
				CLANG_WARN__DUPLICATE_METHOD_MATCH = YES;
				COPY_PHASE_STRIP = NO;
				DEBUG_INFORMATION_FORMAT = dwarf;
				ENABLE_STRICT_OBJC_MSGSEND = YES;
				ENABLE_TESTABILITY = YES;
				GCC_C_LANGUAGE_STANDARD = gnu11;
				GCC_DYNAMIC_NO_PIC = NO;
				GCC_NO_COMMON_BLOCKS = YES;
				GCC_OPTIMIZATION_LEVEL = 0;
				GCC_PREPROCESSOR_DEFINITIONS = (
					"DEBUG=1",
					"$(inherited)",
				);
				GCC_WARN_64_TO_32_BIT_CONVERSION = YES;
				GCC_WARN_ABOUT_RETURN_TYPE = YES_ERROR;
				GCC_WARN_UNDECLARED_SELECTOR = YES;
				GCC_WARN_UNINITIALIZED_AUTOS = YES_AGGRESSIVE;
				GCC_WARN_UNUSED_FUNCTION = YES;
				GCC_WARN_UNUSED_VARIABLE = YES;
				IPHONEOS_DEPLOYMENT_TARGET = 15.0;
				MTL_ENABLE_DEBUG_INFO = INCLUDE_SOURCE;
				MTL_FAST_MATH = YES;
				ONLY_ACTIVE_ARCH = YES;
				SDKROOT = iphoneos;
				SWIFT_ACTIVE_COMPILATION_CONDITIONS = DEBUG;
				SWIFT_OPTIMIZATION_LEVEL = "-Onone";
			};
			name = Debug;
		};
		15A223792707AA8C0036FC9A /* Release */ = {
			isa = XCBuildConfiguration;
			buildSettings = {
				ALWAYS_SEARCH_USER_PATHS = NO;
				CLANG_ANALYZER_NONNULL = YES;
				CLANG_ANALYZER_NUMBER_OBJECT_CONVERSION = YES_AGGRESSIVE;
				CLANG_CXX_LANGUAGE_STANDARD = "gnu++17";
				CLANG_CXX_LIBRARY = "libc++";
				CLANG_ENABLE_MODULES = YES;
				CLANG_ENABLE_OBJC_ARC = YES;
				CLANG_ENABLE_OBJC_WEAK = YES;
				CLANG_WARN_BLOCK_CAPTURE_AUTORELEASING = YES;
				CLANG_WARN_BOOL_CONVERSION = YES;
				CLANG_WARN_COMMA = YES;
				CLANG_WARN_CONSTANT_CONVERSION = YES;
				CLANG_WARN_DEPRECATED_OBJC_IMPLEMENTATIONS = YES;
				CLANG_WARN_DIRECT_OBJC_ISA_USAGE = YES_ERROR;
				CLANG_WARN_DOCUMENTATION_COMMENTS = YES;
				CLANG_WARN_EMPTY_BODY = YES;
				CLANG_WARN_ENUM_CONVERSION = YES;
				CLANG_WARN_INFINITE_RECURSION = YES;
				CLANG_WARN_INT_CONVERSION = YES;
				CLANG_WARN_NON_LITERAL_NULL_CONVERSION = YES;
				CLANG_WARN_OBJC_IMPLICIT_RETAIN_SELF = YES;
				CLANG_WARN_OBJC_LITERAL_CONVERSION = YES;
				CLANG_WARN_OBJC_ROOT_CLASS = YES_ERROR;
				CLANG_WARN_QUOTED_INCLUDE_IN_FRAMEWORK_HEADER = YES;
				CLANG_WARN_RANGE_LOOP_ANALYSIS = YES;
				CLANG_WARN_STRICT_PROTOTYPES = YES;
				CLANG_WARN_SUSPICIOUS_MOVE = YES;
				CLANG_WARN_UNGUARDED_AVAILABILITY = YES_AGGRESSIVE;
				CLANG_WARN_UNREACHABLE_CODE = YES;
				CLANG_WARN__DUPLICATE_METHOD_MATCH = YES;
				COPY_PHASE_STRIP = NO;
				DEBUG_INFORMATION_FORMAT = "dwarf-with-dsym";
				ENABLE_NS_ASSERTIONS = NO;
				ENABLE_STRICT_OBJC_MSGSEND = YES;
				GCC_C_LANGUAGE_STANDARD = gnu11;
				GCC_NO_COMMON_BLOCKS = YES;
				GCC_WARN_64_TO_32_BIT_CONVERSION = YES;
				GCC_WARN_ABOUT_RETURN_TYPE = YES_ERROR;
				GCC_WARN_UNDECLARED_SELECTOR = YES;
				GCC_WARN_UNINITIALIZED_AUTOS = YES_AGGRESSIVE;
				GCC_WARN_UNUSED_FUNCTION = YES;
				GCC_WARN_UNUSED_VARIABLE = YES;
				IPHONEOS_DEPLOYMENT_TARGET = 15.0;
				MTL_ENABLE_DEBUG_INFO = NO;
				MTL_FAST_MATH = YES;
				SDKROOT = iphoneos;
				SWIFT_COMPILATION_MODE = wholemodule;
				SWIFT_OPTIMIZATION_LEVEL = "-O";
				VALIDATE_PRODUCT = YES;
			};
			name = Release;
		};
		15A2237B2707AA8C0036FC9A /* Debug */ = {
			isa = XCBuildConfiguration;
			buildSettings = {
				ASSETCATALOG_COMPILER_APPICON_NAME = AppIcon;
				ASSETCATALOG_COMPILER_GLOBAL_ACCENT_COLOR_NAME = AccentColor;
				CODE_SIGN_STYLE = Automatic;
				CURRENT_PROJECT_VERSION = 1;
				DEVELOPMENT_TEAM = 26668HS2H3;
				GENERATE_INFOPLIST_FILE = YES;
				INFOPLIST_FILE = SandBoxiOSCareerProject/Info.plist;
				INFOPLIST_KEY_UIApplicationSupportsIndirectInputEvents = YES;
				INFOPLIST_KEY_UILaunchStoryboardName = LaunchScreen;
				INFOPLIST_KEY_UIMainStoryboardFile = Main;
				INFOPLIST_KEY_UISupportedInterfaceOrientations_iPad = "UIInterfaceOrientationPortrait UIInterfaceOrientationPortraitUpsideDown UIInterfaceOrientationLandscapeLeft UIInterfaceOrientationLandscapeRight";
				INFOPLIST_KEY_UISupportedInterfaceOrientations_iPhone = "UIInterfaceOrientationPortrait UIInterfaceOrientationLandscapeLeft UIInterfaceOrientationLandscapeRight";
				LD_RUNPATH_SEARCH_PATHS = (
					"$(inherited)",
					"@executable_path/Frameworks",
				);
				MARKETING_VERSION = 1.0;
				PRODUCT_BUNDLE_IDENTIFIER = com.SandBoxiOSCareerProject.SandBoxiOSCareerProject;
				PRODUCT_NAME = "$(TARGET_NAME)";
				SWIFT_EMIT_LOC_STRINGS = YES;
				SWIFT_VERSION = 5.0;
				TARGETED_DEVICE_FAMILY = "1,2";
			};
			name = Debug;
		};
		15A2237C2707AA8C0036FC9A /* Release */ = {
			isa = XCBuildConfiguration;
			buildSettings = {
				ASSETCATALOG_COMPILER_APPICON_NAME = AppIcon;
				ASSETCATALOG_COMPILER_GLOBAL_ACCENT_COLOR_NAME = AccentColor;
				CODE_SIGN_STYLE = Automatic;
				CURRENT_PROJECT_VERSION = 1;
				DEVELOPMENT_TEAM = 26668HS2H3;
				GENERATE_INFOPLIST_FILE = YES;
				INFOPLIST_FILE = SandBoxiOSCareerProject/Info.plist;
				INFOPLIST_KEY_UIApplicationSupportsIndirectInputEvents = YES;
				INFOPLIST_KEY_UILaunchStoryboardName = LaunchScreen;
				INFOPLIST_KEY_UIMainStoryboardFile = Main;
				INFOPLIST_KEY_UISupportedInterfaceOrientations_iPad = "UIInterfaceOrientationPortrait UIInterfaceOrientationPortraitUpsideDown UIInterfaceOrientationLandscapeLeft UIInterfaceOrientationLandscapeRight";
				INFOPLIST_KEY_UISupportedInterfaceOrientations_iPhone = "UIInterfaceOrientationPortrait UIInterfaceOrientationLandscapeLeft UIInterfaceOrientationLandscapeRight";
				LD_RUNPATH_SEARCH_PATHS = (
					"$(inherited)",
					"@executable_path/Frameworks",
				);
				MARKETING_VERSION = 1.0;
				PRODUCT_BUNDLE_IDENTIFIER = com.SandBoxiOSCareerProject.SandBoxiOSCareerProject;
				PRODUCT_NAME = "$(TARGET_NAME)";
				SWIFT_EMIT_LOC_STRINGS = YES;
				SWIFT_VERSION = 5.0;
				TARGETED_DEVICE_FAMILY = "1,2";
			};
			name = Release;
		};
/* End XCBuildConfiguration section */

/* Begin XCConfigurationList section */
		15A223612707AA8B0036FC9A /* Build configuration list for PBXProject "SandBoxiOSCareerProject" */ = {
			isa = XCConfigurationList;
			buildConfigurations = (
				15A223782707AA8C0036FC9A /* Debug */,
				15A223792707AA8C0036FC9A /* Release */,
			);
			defaultConfigurationIsVisible = 0;
			defaultConfigurationName = Release;
		};
		15A2237A2707AA8C0036FC9A /* Build configuration list for PBXNativeTarget "SandBoxiOSCareerProject" */ = {
			isa = XCConfigurationList;
			buildConfigurations = (
				15A2237B2707AA8C0036FC9A /* Debug */,
				15A2237C2707AA8C0036FC9A /* Release */,
			);
			defaultConfigurationIsVisible = 0;
			defaultConfigurationName = Release;
		};
/* End XCConfigurationList section */
	};
	rootObject = 15A2235E2707AA8B0036FC9A /* Project object */;
}
